
Microsoft Visual Studio Solution File, Format Version 11.00
# Visual Studio 2010
Project("{FAE04EC0-301F-11D3-BF4B-00C04F79EFBC}") = "Assembly-CSharp", "Assembly-CSharp.csproj", "{da3844e7-1fdd-ca92-2b9e-33c54d21575e}"
EndProject
Project("{FAE04EC0-301F-11D3-BF4B-00C04F79EFBC}") = "Assembly-CSharp-Editor", "Assembly-CSharp-Editor.csproj", "{31499314-a0fd-28cc-edd3-dbf7d19c56fe}"
EndProject
Global
	GlobalSection(SolutionConfigurationPlatforms) = preSolution
		Debug|Any CPU = Debug|Any CPU
	EndGlobalSection
	GlobalSection(ProjectConfigurationPlatforms) = postSolution
		{da3844e7-1fdd-ca92-2b9e-33c54d21575e}.Debug|Any CPU.ActiveCfg = Debug|Any CPU
		{da3844e7-1fdd-ca92-2b9e-33c54d21575e}.Debug|Any CPU.Build.0 = Debug|Any CPU
		{31499314-a0fd-28cc-edd3-dbf7d19c56fe}.Debug|Any CPU.ActiveCfg = Debug|Any CPU
		{31499314-a0fd-28cc-edd3-dbf7d19c56fe}.Debug|Any CPU.Build.0 = Debug|Any CPU
	EndGlobalSection
	GlobalSection(SolutionProperties) = preSolution
		HideSolutionNode = FALSE
	EndGlobalSection
EndGlobal
